{
  "name": "tvt-steelbeast",
  "version": "0.0.1",
  "lockfileVersion": 2,
  "requires": true,
  "packages": {
    "": {
      "name": "tvt-steelbeast",
      "version": "0.0.1",
      "dependencies": {
        "@gruppe-adler/replay": "^1.5.0",
        "grad-fortifications": "^0.9.3",
        "grad-loadout": "^4.11.4",
        "grad-tvtsettings": "0.0.2"
      }
    },
    "node_modules/@gruppe-adler/replay": {
      "version": "1.5.0",
      "resolved": "https://registry.npmjs.org/@gruppe-adler/replay/-/replay-1.5.0.tgz",
      "integrity": "sha512-9ufyU6hhL0YElGKm/mldAszPWwrbG73hagfnRwioZD+lihc+4wokNjc87WD22q/W4lzxewY6uMeWfGGTxF4ZLw=="
    },
    "node_modules/grad-fortifications": {
      "version": "0.9.3",
      "resolved": "https://registry.npmjs.org/grad-fortifications/-/grad-fortifications-0.9.3.tgz",
      "integrity": "sha512-Gb6GlUuLf7bqrVtrfVVR6/slTZqmlgD7Yviacueix7sYUZ1LfVwdCs4Xem5lwDLK2r9XHzUiVPNmxjAo0HNW/A=="
    },
    "node_modules/grad-loadout": {
      "version": "4.11.4",
      "resolved": "https://registry.npmjs.org/grad-loadout/-/grad-loadout-4.11.4.tgz",
      "integrity": "sha512-IGvKhKeFGss8TfiE8g7aNm2dFX3+u2OQOn6s2LKq+bLKvr2Rsg6J+lO2Vv5WCMFKzq4ESAhNVoLqlmePZH+wIA=="
    },
    "node_modules/grad-tvtsettings": {
      "version": "0.0.2",
      "resolved": "https://registry.npmjs.org/grad-tvtsettings/-/grad-tvtsettings-0.0.2.tgz",
      "integrity": "sha512-zMH00Tq1xbkxH/2kBG6LQxyDhEp1J2E8KGaJCDPxGg3VnqjHEqPUvnV/d7AXbcfDQNhbWQx0NGhQGY2/tZdL3g=="
    }
  },
  "dependencies": {
    "@gruppe-adler/replay": {
      "version": "1.5.0",
      "resolved": "https://registry.npmjs.org/@gruppe-adler/replay/-/replay-1.5.0.tgz",
      "integrity": "sha512-9ufyU6hhL0YElGKm/mldAszPWwrbG73hagfnRwioZD+lihc+4wokNjc87WD22q/W4lzxewY6uMeWfGGTxF4ZLw=="
    },
    "grad-fortifications": {
      "version": "0.9.3",
      "resolved": "https://registry.npmjs.org/grad-fortifications/-/grad-fortifications-0.9.3.tgz",
      "integrity": "sha512-Gb6GlUuLf7bqrVtrfVVR6/slTZqmlgD7Yviacueix7sYUZ1LfVwdCs4Xem5lwDLK2r9XHzUiVPNmxjAo0HNW/A=="
    },
    "grad-loadout": {
      "version": "4.11.4",
      "resolved": "https://registry.npmjs.org/grad-loadout/-/grad-loadout-4.11.4.tgz",
      "integrity": "sha512-IGvKhKeFGss8TfiE8g7aNm2dFX3+u2OQOn6s2LKq+bLKvr2Rsg6J+lO2Vv5WCMFKzq4ESAhNVoLqlmePZH+wIA=="
    },
    "grad-tvtsettings": {
      "version": "0.0.2",
      "resolved": "https://registry.npmjs.org/grad-tvtsettings/-/grad-tvtsettings-0.0.2.tgz",
      "integrity": "sha512-zMH00Tq1xbkxH/2kBG6LQxyDhEp1J2E8KGaJCDPxGg3VnqjHEqPUvnV/d7AXbcfDQNhbWQx0NGhQGY2/tZdL3g=="
    }
  }
}
